// !$*UTF8*$!
{
	archiveVersion = 1;
	classes = {
	};
	objectVersion = 56;
	objects = {

/* Begin PBXBuildFile section */
		808AADEA298437B400B1097F /* AppDelegate.swift in Sources */ = {isa = PBXBuildFile; fileRef = 808AADE9298437B400B1097F /* AppDelegate.swift */; };
		808AADEC298437B400B1097F /* SceneDelegate.swift in Sources */ = {isa = PBXBuildFile; fileRef = 808AADEB298437B400B1097F /* SceneDelegate.swift */; };
		808AADEE298437B400B1097F /* ViewController.swift in Sources */ = {isa = PBXBuildFile; fileRef = 808AADED298437B400B1097F /* ViewController.swift */; };
		808AADF1298437B400B1097F /* Main.storyboard in Resources */ = {isa = PBXBuildFile; fileRef = 808AADEF298437B400B1097F /* Main.storyboard */; };
		808AADF3298437B600B1097F /* Assets.xcassets in Resources */ = {isa = PBXBuildFile; fileRef = 808AADF2298437B600B1097F /* Assets.xcassets */; };
		808AADF6298437B600B1097F /* LaunchScreen.storyboard in Resources */ = {isa = PBXBuildFile; fileRef = 808AADF4298437B600B1097F /* LaunchScreen.storyboard */; };
		808AAE0C29844CF200B1097F /* A.wav in Resources */ = {isa = PBXBuildFile; fileRef = 808AAE0529844CF200B1097F /* A.wav */; };
		808AAE0D29844CF200B1097F /* C.wav in Resources */ = {isa = PBXBuildFile; fileRef = 808AAE0629844CF200B1097F /* C.wav */; };
		808AAE0E29844CF200B1097F /* B.wav in Resources */ = {isa = PBXBuildFile; fileRef = 808AAE0729844CF200B1097F /* B.wav */; };
		808AAE0F29844CF200B1097F /* F.wav in Resources */ = {isa = PBXBuildFile; fileRef = 808AAE0829844CF200B1097F /* F.wav */; };
		808AAE1029844CF200B1097F /* G.wav in Resources */ = {isa = PBXBuildFile; fileRef = 808AAE0929844CF200B1097F /* G.wav */; };
		808AAE1129844CF200B1097F /* E.wav in Resources */ = {isa = PBXBuildFile; fileRef = 808AAE0A29844CF200B1097F /* E.wav */; };
		808AAE1229844CF200B1097F /* D.wav in Resources */ = {isa = PBXBuildFile; fileRef = 808AAE0B29844CF200B1097F /* D.wav */; };
/* End PBXBuildFile section */

/* Begin PBXFileReference section */
		808AADE6298437B400B1097F /* Xylophone.app */ = {isa = PBXFileReference; explicitFileType = wrapper.application; includeInIndex = 0; path = Xylophone.app; sourceTree = BUILT_PRODUCTS_DIR; };
		808AADE9298437B400B1097F /* AppDelegate.swift */ = {isa = PBXFileReference; lastKnownFileType = sourcecode.swift; path = AppDelegate.swift; sourceTree = "<group>"; };
		808AADEB298437B400B1097F /* SceneDelegate.swift */ = {isa = PBXFileReference; lastKnownFileType = sourcecode.swift; path = SceneDelegate.swift; sourceTree = "<group>"; };
		808AADED298437B400B1097F /* ViewController.swift */ = {isa = PBXFileReference; lastKnownFileType = sourcecode.swift; path = ViewController.swift; sourceTree = "<group>"; };
		808AADF0298437B400B1097F /* Base */ = {isa = PBXFileReference; lastKnownFileType = file.storyboard; name = Base; path = Base.lproj/Main.storyboard; sourceTree = "<group>"; };
		808AADF2298437B600B1097F /* Assets.xcassets */ = {isa = PBXFileReference; lastKnownFileType = folder.assetcatalog; path = Assets.xcassets; sourceTree = "<group>"; };
		808AADF5298437B600B1097F /* Base */ = {isa = PBXFileReference; lastKnownFileType = file.storyboard; name = Base; path = Base.lproj/LaunchScreen.storyboard; sourceTree = "<group>"; };
		808AADF7298437B600B1097F /* Info.plist */ = {isa = PBXFileReference; lastKnownFileType = text.plist.xml; path = Info.plist; sourceTree = "<group>"; };
		808AAE0529844CF200B1097F /* A.wav */ = {isa = PBXFileReference; lastKnownFileType = audio.wav; path = A.wav; sourceTree = "<group>"; };
		808AAE0629844CF200B1097F /* C.wav */ = {isa = PBXFileReference; lastKnownFileType = audio.wav; path = C.wav; sourceTree = "<group>"; };
		808AAE0729844CF200B1097F /* B.wav */ = {isa = PBXFileReference; lastKnownFileType = audio.wav; path = B.wav; sourceTree = "<group>"; };
		808AAE0829844CF200B1097F /* F.wav */ = {isa = PBXFileReference; lastKnownFileType = audio.wav; path = F.wav; sourceTree = "<group>"; };
		808AAE0929844CF200B1097F /* G.wav */ = {isa = PBXFileReference; lastKnownFileType = audio.wav; path = G.wav; sourceTree = "<group>"; };
		808AAE0A29844CF200B1097F /* E.wav */ = {isa = PBXFileReference; lastKnownFileType = audio.wav; path = E.wav; sourceTree = "<group>"; };
		808AAE0B29844CF200B1097F /* D.wav */ = {isa = PBXFileReference; lastKnownFileType = audio.wav; path = D.wav; sourceTree = "<group>"; };
/* End PBXFileReference section */

/* Begin PBXFrameworksBuildPhase section */
		808AADE3298437B400B1097F /* Frameworks */ = {
			isa = PBXFrameworksBuildPhase;
			buildActionMask = 2147483647;
			files = (
			);
			runOnlyForDeploymentPostprocessing = 0;
		};
/* End PBXFrameworksBuildPhase section */

/* Begin PBXGroup section */
		808AADDD298437B400B1097F = {
			isa = PBXGroup;
			children = (
				808AADE8298437B400B1097F /* Xylophone */,
				808AADE7298437B400B1097F /* Products */,
			);
			sourceTree = "<group>";
		};
		808AADE7298437B400B1097F /* Products */ = {
			isa = PBXGroup;
			children = (
				808AADE6298437B400B1097F /* Xylophone.app */,
			);
			name = Products;
			sourceTree = "<group>";
		};
		808AADE8298437B400B1097F /* Xylophone */ = {
			isa = PBXGroup;
			children = (
				808AADE9298437B400B1097F /* AppDelegate.swift */,
				808AADEB298437B400B1097F /* SceneDelegate.swift */,
				808AADED298437B400B1097F /* ViewController.swift */,
				808AADEF298437B400B1097F /* Main.storyboard */,
				808AADF2298437B600B1097F /* Assets.xcassets */,
				808AADF4298437B600B1097F /* LaunchScreen.storyboard */,
				808AADF7298437B600B1097F /* Info.plist */,
				808AAE0429844CF100B1097F /* Sounds */,
			);
			path = Xylophone;
			sourceTree = "<group>";
		};
		808AAE0429844CF100B1097F /* Sounds */ = {
			isa = PBXGroup;
			children = (
				808AAE0529844CF200B1097F /* A.wav */,
				808AAE0629844CF200B1097F /* C.wav */,
				808AAE0729844CF200B1097F /* B.wav */,
				808AAE0829844CF200B1097F /* F.wav */,
				808AAE0929844CF200B1097F /* G.wav */,
				808AAE0A29844CF200B1097F /* E.wav */,
				808AAE0B29844CF200B1097F /* D.wav */,
			);
			path = Sounds;
			sourceTree = "<group>";
		};
/* End PBXGroup section */

/* Begin PBXNativeTarget section */
		808AADE5298437B400B1097F /* Xylophone */ = {
			isa = PBXNativeTarget;
			buildConfigurationList = 808AADFA298437B600B1097F /* Build configuration list for PBXNativeTarget "Xylophone" */;
			buildPhases = (
				808AADE2298437B400B1097F /* Sources */,
				808AADE3298437B400B1097F /* Frameworks */,
				808AADE4298437B400B1097F /* Resources */,
			);
			buildRules = (
			);
			dependencies = (
			);
			name = Xylophone;
			productName = Xylophone;
			productReference = 808AADE6298437B400B1097F /* Xylophone.app */;
			productType = "com.apple.product-type.application";
		};
/* End PBXNativeTarget section */

/* Begin PBXProject section */
		808AADDE298437B400B1097F /* Project object */ = {
			isa = PBXProject;
			attributes = {
				BuildIndependentTargetsInParallel = 1;
				LastSwiftUpdateCheck = 1410;
				LastUpgradeCheck = 1410;
				TargetAttributes = {
					808AADE5298437B400B1097F = {
						CreatedOnToolsVersion = 14.1;
					};
				};
			};
			buildConfigurationList = 808AADE1298437B400B1097F /* Build configuration list for PBXProject "Xylophone" */;
			compatibilityVersion = "Xcode 14.0";
			developmentRegion = en;
			hasScannedForEncodings = 0;
			knownRegions = (
				en,
				Base,
			);
			mainGroup = 808AADDD298437B400B1097F;
			productRefGroup = 808AADE7298437B400B1097F /* Products */;
			projectDirPath = "";
			projectRoot = "";
			targets = (
				808AADE5298437B400B1097F /* Xylophone */,
			);
		};
/* End PBXProject section */

/* Begin PBXResourcesBuildPhase section */
		808AADE4298437B400B1097F /* Resources */ = {
			isa = PBXResourcesBuildPhase;
			buildActionMask = 2147483647;
			files = (
				808AAE1029844CF200B1097F /* G.wav in Resources */,
				808AADF6298437B600B1097F /* LaunchScreen.storyboard in Resources */,
				808AAE0F29844CF200B1097F /* F.wav in Resources */,
				808AADF3298437B600B1097F /* Assets.xcassets in Resources */,
				808AAE0C29844CF200B1097F /* A.wav in Resources */,
				808AAE0E29844CF200B1097F /* B.wav in Resources */,
				808AAE1129844CF200B1097F /* E.wav in Resources */,
				808AAE1229844CF200B1097F /* D.wav in Resources */,
				808AADF1298437B400B1097F /* Main.storyboard in Resources */,
				808AAE0D29844CF200B1097F /* C.wav in Resources */,
			);
			runOnlyForDeploymentPostprocessing = 0;
		};
/* End PBXResourcesBuildPhase section */

/* Begin PBXSourcesBuildPhase section */
		808AADE2298437B400B1097F /* Sources */ = {
			isa = PBXSourcesBuildPhase;
			buildActionMask = 2147483647;
			files = (
				808AADEE298437B400B1097F /* ViewController.swift in Sources */,
				808AADEA298437B400B1097F /* AppDelegate.swift in Sources */,
				808AADEC298437B400B1097F /* SceneDelegate.swift in Sources */,
			);
			runOnlyForDeploymentPostprocessing = 0;
		};
/* End PBXSourcesBuildPhase section */

/* Begin PBXVariantGroup section */
		808AADEF298437B400B1097F /* Main.storyboard */ = {
			isa = PBXVariantGroup;
			children = (
				808AADF0298437B400B1097F /* Base */,
			);
			name = Main.storyboard;
			sourceTree = "<group>";
		};
		808AADF4298437B600B1097F /* LaunchScreen.storyboard */ = {
			isa = PBXVariantGroup;
			children = (
				808AADF5298437B600B1097F /* Base */,
			);
			name = LaunchScreen.storyboard;
			sourceTree = "<group>";
		};
/* End PBXVariantGroup section */

/* Begin XCBuildConfiguration section */
		808AADF8298437B600B1097F /* Debug */ = {
			isa = XCBuildConfiguration;
			buildSettings = {
				ALWAYS_SEARCH_USER_PATHS = NO;
				CLANG_ANALYZER_NONNULL = YES;
				CLANG_ANALYZER_NUMBER_OBJECT_CONVERSION = YES_AGGRESSIVE;
				CLANG_CXX_LANGUAGE_STANDARD = "gnu++20";
				CLANG_ENABLE_MODULES = YES;
				CLANG_ENABLE_OBJC_ARC = YES;
				CLANG_ENABLE_OBJC_WEAK = YES;
				CLANG_WARN_BLOCK_CAPTURE_AUTORELEASING = YES;
				CLANG_WARN_BOOL_CONVERSION = YES;
				CLANG_WARN_COMMA = YES;
				CLANG_WARN_CONSTANT_CONVERSION = YES;
				CLANG_WARN_DEPRECATED_OBJC_IMPLEMENTATIONS = YES;
				CLANG_WARN_DIRECT_OBJC_ISA_USAGE = YES_ERROR;
				CLANG_WARN_DOCUMENTATION_COMMENTS = YES;
				CLANG_WARN_EMPTY_BODY = YES;
				CLANG_WARN_ENUM_CONVERSION = YES;
				CLANG_WARN_INFINITE_RECURSION = YES;
				CLANG_WARN_INT_CONVERSION = YES;
				CLANG_WARN_NON_LITERAL_NULL_CONVERSION = YES;
				CLANG_WARN_OBJC_IMPLICIT_RETAIN_SELF = YES;
				CLANG_WARN_OBJC_LITERAL_CONVERSION = YES;
				CLANG_WARN_OBJC_ROOT_CLASS = YES_ERROR;
				CLANG_WARN_QUOTED_INCLUDE_IN_FRAMEWORK_HEADER = YES;
				CLANG_WARN_RANGE_LOOP_ANALYSIS = YES;
				CLANG_WARN_STRICT_PROTOTYPES = YES;
				CLANG_WARN_SUSPICIOUS_MOVE = YES;
				CLANG_WARN_UNGUARDED_AVAILABILITY = YES_AGGRESSIVE;
				CLANG_WARN_UNREACHABLE_CODE = YES;
				CLANG_WARN__DUPLICATE_METHOD_MATCH = YES;
				COPY_PHASE_STRIP = NO;
				DEBUG_INFORMATION_FORMAT = dwarf;
				ENABLE_STRICT_OBJC_MSGSEND = YES;
				ENABLE_TESTABILITY = YES;
				GCC_C_LANGUAGE_STANDARD = gnu11;
				GCC_DYNAMIC_NO_PIC = NO;
				GCC_NO_COMMON_BLOCKS = YES;
				GCC_OPTIMIZATION_LEVEL = 0;
				GCC_PREPROCESSOR_DEFINITIONS = (
					"DEBUG=1",
					"$(inherited)",
				);
				GCC_WARN_64_TO_32_BIT_CONVERSION = YES;
				GCC_WARN_ABOUT_RETURN_TYPE = YES_ERROR;
				GCC_WARN_UNDECLARED_SELECTOR = YES;
				GCC_WARN_UNINITIALIZED_AUTOS = YES_AGGRESSIVE;
				GCC_WARN_UNUSED_FUNCTION = YES;
				GCC_WARN_UNUSED_VARIABLE = YES;
				IPHONEOS_DEPLOYMENT_TARGET = 16.1;
				MTL_ENABLE_DEBUG_INFO = INCLUDE_SOURCE;
				MTL_FAST_MATH = YES;
				ONLY_ACTIVE_ARCH = YES;
				SDKROOT = iphoneos;
				SWIFT_ACTIVE_COMPILATION_CONDITIONS = DEBUG;
				SWIFT_OPTIMIZATION_LEVEL = "-Onone";
			};
			name = Debug;
		};
		808AADF9298437B600B1097F /* Release */ = {
			isa = XCBuildConfiguration;
			buildSettings = {
				ALWAYS_SEARCH_USER_PATHS = NO;
				CLANG_ANALYZER_NONNULL = YES;
				CLANG_ANALYZER_NUMBER_OBJECT_CONVERSION = YES_AGGRESSIVE;
				CLANG_CXX_LANGUAGE_STANDARD = "gnu++20";
				CLANG_ENABLE_MODULES = YES;
				CLANG_ENABLE_OBJC_ARC = YES;
				CLANG_ENABLE_OBJC_WEAK = YES;
				CLANG_WARN_BLOCK_CAPTURE_AUTORELEASING = YES;
				CLANG_WARN_BOOL_CONVERSION = YES;
				CLANG_WARN_COMMA = YES;
				CLANG_WARN_CONSTANT_CONVERSION = YES;
				CLANG_WARN_DEPRECATED_OBJC_IMPLEMENTATIONS = YES;
				CLANG_WARN_DIRECT_OBJC_ISA_USAGE = YES_ERROR;
				CLANG_WARN_DOCUMENTATION_COMMENTS = YES;
				CLANG_WARN_EMPTY_BODY = YES;
				CLANG_WARN_ENUM_CONVERSION = YES;
				CLANG_WARN_INFINITE_RECURSION = YES;
				CLANG_WARN_INT_CONVERSION = YES;
				CLANG_WARN_NON_LITERAL_NULL_CONVERSION = YES;
				CLANG_WARN_OBJC_IMPLICIT_RETAIN_SELF = YES;
				CLANG_WARN_OBJC_LITERAL_CONVERSION = YES;
				CLANG_WARN_OBJC_ROOT_CLASS = YES_ERROR;
				CLANG_WARN_QUOTED_INCLUDE_IN_FRAMEWORK_HEADER = YES;
				CLANG_WARN_RANGE_LOOP_ANALYSIS = YES;
				CLANG_WARN_STRICT_PROTOTYPES = YES;
				CLANG_WARN_SUSPICIOUS_MOVE = YES;
				CLANG_WARN_UNGUARDED_AVAILABILITY = YES_AGGRESSIVE;
				CLANG_WARN_UNREACHABLE_CODE = YES;
				CLANG_WARN__DUPLICATE_METHOD_MATCH = YES;
				COPY_PHASE_STRIP = NO;
				DEBUG_INFORMATION_FORMAT = "dwarf-with-dsym";
				ENABLE_NS_ASSERTIONS = NO;
				ENABLE_STRICT_OBJC_MSGSEND = YES;
				GCC_C_LANGUAGE_STANDARD = gnu11;
				GCC_NO_COMMON_BLOCKS = YES;
				GCC_WARN_64_TO_32_BIT_CONVERSION = YES;
				GCC_WARN_ABOUT_RETURN_TYPE = YES_ERROR;
				GCC_WARN_UNDECLARED_SELECTOR = YES;
				GCC_WARN_UNINITIALIZED_AUTOS = YES_AGGRESSIVE;
				GCC_WARN_UNUSED_FUNCTION = YES;
				GCC_WARN_UNUSED_VARIABLE = YES;
				IPHONEOS_DEPLOYMENT_TARGET = 16.1;
				MTL_ENABLE_DEBUG_INFO = NO;
				MTL_FAST_MATH = YES;
				SDKROOT = iphoneos;
				SWIFT_COMPILATION_MODE = wholemodule;
				SWIFT_OPTIMIZATION_LEVEL = "-O";
				VALIDATE_PRODUCT = YES;
			};
			name = Release;
		};
		808AADFB298437B600B1097F /* Debug */ = {
			isa = XCBuildConfiguration;
			buildSettings = {
				ASSETCATALOG_COMPILER_APPICON_NAME = AppIcon;
				ASSETCATALOG_COMPILER_GLOBAL_ACCENT_COLOR_NAME = AccentColor;
				CODE_SIGN_STYLE = Automatic;
				CURRENT_PROJECT_VERSION = 1;
				GENERATE_INFOPLIST_FILE = YES;
				INFOPLIST_FILE = Xylophone/Info.plist;
				INFOPLIST_KEY_UIApplicationSupportsIndirectInputEvents = YES;
				INFOPLIST_KEY_UILaunchStoryboardName = LaunchScreen;
				INFOPLIST_KEY_UIMainStoryboardFile = Main;
				INFOPLIST_KEY_UISupportedInterfaceOrientations_iPad = "UIInterfaceOrientationPortrait UIInterfaceOrientationPortraitUpsideDown UIInterfaceOrientationLandscapeLeft UIInterfaceOrientationLandscapeRight";
				INFOPLIST_KEY_UISupportedInterfaceOrientations_iPhone = "UIInterfaceOrientationPortrait UIInterfaceOrientationLandscapeLeft UIInterfaceOrientationLandscapeRight";
				LD_RUNPATH_SEARCH_PATHS = (
					"$(inherited)",
					"@executable_path/Frameworks",
				);
				MARKETING_VERSION = 1.0;
				PRODUCT_BUNDLE_IDENTIFIER = com.zungi.Xylophone;
				PRODUCT_NAME = "$(TARGET_NAME)";
				SWIFT_EMIT_LOC_STRINGS = YES;
				SWIFT_VERSION = 5.0;
				TARGETED_DEVICE_FAMILY = "1,2";
			};
			name = Debug;
		};
		808AADFC298437B600B1097F /* Release */ = {
			isa = XCBuildConfiguration;
			buildSettings = {
				ASSETCATALOG_COMPILER_APPICON_NAME = AppIcon;
				ASSETCATALOG_COMPILER_GLOBAL_ACCENT_COLOR_NAME = AccentColor;
				CODE_SIGN_STYLE = Automatic;
				CURRENT_PROJECT_VERSION = 1;
				GENERATE_INFOPLIST_FILE = YES;
				INFOPLIST_FILE = Xylophone/Info.plist;
				INFOPLIST_KEY_UIApplicationSupportsIndirectInputEvents = YES;
				INFOPLIST_KEY_UILaunchStoryboardName = LaunchScreen;
				INFOPLIST_KEY_UIMainStoryboardFile = Main;
				INFOPLIST_KEY_UISupportedInterfaceOrientations_iPad = "UIInterfaceOrientationPortrait UIInterfaceOrientationPortraitUpsideDown UIInterfaceOrientationLandscapeLeft UIInterfaceOrientationLandscapeRight";
				INFOPLIST_KEY_UISupportedInterfaceOrientations_iPhone = "UIInterfaceOrientationPortrait UIInterfaceOrientationLandscapeLeft UIInterfaceOrientationLandscapeRight";
				LD_RUNPATH_SEARCH_PATHS = (
					"$(inherited)",
					"@executable_path/Frameworks",
				);
				MARKETING_VERSION = 1.0;
				PRODUCT_BUNDLE_IDENTIFIER = com.zungi.Xylophone;
				PRODUCT_NAME = "$(TARGET_NAME)";
				SWIFT_EMIT_LOC_STRINGS = YES;
				SWIFT_VERSION = 5.0;
				TARGETED_DEVICE_FAMILY = "1,2";
			};
			name = Release;
		};
/* End XCBuildConfiguration section */

/* Begin XCConfigurationList section */
		808AADE1298437B400B1097F /* Build configuration list for PBXProject "Xylophone" */ = {
			isa = XCConfigurationList;
			buildConfigurations = (
				808AADF8298437B600B1097F /* Debug */,
				808AADF9298437B600B1097F /* Release */,
			);
			defaultConfigurationIsVisible = 0;
			defaultConfigurationName = Release;
		};
		808AADFA298437B600B1097F /* Build configuration list for PBXNativeTarget "Xylophone" */ = {
			isa = XCConfigurationList;
			buildConfigurations = (
				808AADFB298437B600B1097F /* Debug */,
				808AADFC298437B600B1097F /* Release */,
			);
			defaultConfigurationIsVisible = 0;
			defaultConfigurationName = Release;
		};
/* End XCConfigurationList section */
	};
	rootObject = 808AADDE298437B400B1097F /* Project object */;
}
